{
  "name": "flaregun-starter",
  "version": "1.0.2",
  "lockfileVersion": 3,
  "requires": true,
  "packages": {
    "": {
      "name": "flaregun-starter",
      "version": "1.0.2",
      "license": "Apache-2.0",
      "dependencies": {
        "api": "github:treeder/api",
        "console-logger": "github:treeder/console-logger",
        "flaregun": "github:treeder/flaregun",
        "migrations": "github:treeder/migrations",
        "nanoid": "^5.1.5",
        "once": "github:treeder/once",
        "passkeys": "github:treeder/passkeys",
        "rend": "github:treeder/rend"
      },
      "devDependencies": {
        "prettier": "^3.6.2",
        "testkit": "github:treeder/testkit"
      }
    },
    "node_modules/@hexagon/base64": {
      "version": "1.1.28",
      "resolved": "https://registry.npmjs.org/@hexagon/base64/-/base64-1.1.28.tgz",
      "integrity": "sha512-lhqDEAvWixy3bZ+UOYbPwUbBkwBq5C1LAJ/xPC8Oi+lL54oyakv/npbA0aU2hgCsx/1NUd4IBvV03+aUBWxerw==",
      "license": "MIT"
    },
    "node_modules/@levischuck/tiny-cbor": {
      "version": "0.2.11",
      "resolved": "https://registry.npmjs.org/@levischuck/tiny-cbor/-/tiny-cbor-0.2.11.tgz",
      "integrity": "sha512-llBRm4dT4Z89aRsm6u2oEZ8tfwL/2l6BwpZ7JcyieouniDECM5AqNgr/y08zalEIvW3RSK4upYyybDcmjXqAow==",
      "license": "MIT"
    },
    "node_modules/@luxass/strip-json-comments": {
      "version": "1.4.0",
      "resolved": "https://registry.npmjs.org/@luxass/strip-json-comments/-/strip-json-comments-1.4.0.tgz",
      "integrity": "sha512-Zl343to4u/t8jz1q7R/1UY6hLX+344cwPLEXsIYthVwdU5zyjuVBGcpf2E24+QZkwFfRfmnHTcscreQzWn3hiA==",
      "license": "MIT",
      "engines": {
        "node": ">=18"
      }
    },
    "node_modules/@peculiar/asn1-android": {
      "version": "2.5.0",
      "resolved": "https://registry.npmjs.org/@peculiar/asn1-android/-/asn1-android-2.5.0.tgz",
      "integrity": "sha512-t8A83hgghWQkcneRsgGs2ebAlRe54ns88p7ouv8PW2tzF1nAW4yHcL4uZKrFpIU+uszIRzTkcCuie37gpkId0A==",
      "license": "MIT",
      "dependencies": {
        "@peculiar/asn1-schema": "^2.5.0",
        "asn1js": "^3.0.6",
        "tslib": "^2.8.1"
      }
    },
    "node_modules/@peculiar/asn1-cms": {
      "version": "2.5.0",
      "resolved": "https://registry.npmjs.org/@peculiar/asn1-cms/-/asn1-cms-2.5.0.tgz",
      "integrity": "sha512-p0SjJ3TuuleIvjPM4aYfvYw8Fk1Hn/zAVyPJZTtZ2eE9/MIer6/18ROxX6N/e6edVSfvuZBqhxAj3YgsmSjQ/A==",
      "license": "MIT",
      "dependencies": {
        "@peculiar/asn1-schema": "^2.5.0",
        "@peculiar/asn1-x509": "^2.5.0",
        "@peculiar/asn1-x509-attr": "^2.5.0",
        "asn1js": "^3.0.6",
        "tslib": "^2.8.1"
      }
    },
    "node_modules/@peculiar/asn1-csr": {
      "version": "2.5.0",
      "resolved": "https://registry.npmjs.org/@peculiar/asn1-csr/-/asn1-csr-2.5.0.tgz",
      "integrity": "sha512-ioigvA6WSYN9h/YssMmmoIwgl3RvZlAYx4A/9jD2qaqXZwGcNlAxaw54eSx2QG1Yu7YyBC5Rku3nNoHrQ16YsQ==",
      "license": "MIT",
      "dependencies": {
        "@peculiar/asn1-schema": "^2.5.0",
        "@peculiar/asn1-x509": "^2.5.0",
        "asn1js": "^3.0.6",
        "tslib": "^2.8.1"
      }
    },
    "node_modules/@peculiar/asn1-ecc": {
      "version": "2.5.0",
      "resolved": "https://registry.npmjs.org/@peculiar/asn1-ecc/-/asn1-ecc-2.5.0.tgz",
      "integrity": "sha512-t4eYGNhXtLRxaP50h3sfO6aJebUCDGQACoeexcelL4roMFRRVgB20yBIu2LxsPh/tdW9I282gNgMOyg3ywg/mg==",
      "license": "MIT",
      "dependencies": {
        "@peculiar/asn1-schema": "^2.5.0",
        "@peculiar/asn1-x509": "^2.5.0",
        "asn1js": "^3.0.6",
        "tslib": "^2.8.1"
      }
    },
    "node_modules/@peculiar/asn1-pfx": {
      "version": "2.5.0",
      "resolved": "https://registry.npmjs.org/@peculiar/asn1-pfx/-/asn1-pfx-2.5.0.tgz",
      "integrity": "sha512-Vj0d0wxJZA+Ztqfb7W+/iu8Uasw6hhKtCdLKXLG/P3kEPIQpqGI4P4YXlROfl7gOCqFIbgsj1HzFIFwQ5s20ug==",
      "license": "MIT",
      "dependencies": {
        "@peculiar/asn1-cms": "^2.5.0",
        "@peculiar/asn1-pkcs8": "^2.5.0",
        "@peculiar/asn1-rsa": "^2.5.0",
        "@peculiar/asn1-schema": "^2.5.0",
        "asn1js": "^3.0.6",
        "tslib": "^2.8.1"
      }
    },
    "node_modules/@peculiar/asn1-pkcs8": {
      "version": "2.5.0",
      "resolved": "https://registry.npmjs.org/@peculiar/asn1-pkcs8/-/asn1-pkcs8-2.5.0.tgz",
      "integrity": "sha512-L7599HTI2SLlitlpEP8oAPaJgYssByI4eCwQq2C9eC90otFpm8MRn66PpbKviweAlhinWQ3ZjDD2KIVtx7PaVw==",
      "license": "MIT",
      "dependencies": {
        "@peculiar/asn1-schema": "^2.5.0",
        "@peculiar/asn1-x509": "^2.5.0",
        "asn1js": "^3.0.6",
        "tslib": "^2.8.1"
      }
    },
    "node_modules/@peculiar/asn1-pkcs9": {
      "version": "2.5.0",
      "resolved": "https://registry.npmjs.org/@peculiar/asn1-pkcs9/-/asn1-pkcs9-2.5.0.tgz",
      "integrity": "sha512-UgqSMBLNLR5TzEZ5ZzxR45Nk6VJrammxd60WMSkofyNzd3DQLSNycGWSK5Xg3UTYbXcDFyG8pA/7/y/ztVCa6A==",
      "license": "MIT",
      "dependencies": {
        "@peculiar/asn1-cms": "^2.5.0",
        "@peculiar/asn1-pfx": "^2.5.0",
        "@peculiar/asn1-pkcs8": "^2.5.0",
        "@peculiar/asn1-schema": "^2.5.0",
        "@peculiar/asn1-x509": "^2.5.0",
        "@peculiar/asn1-x509-attr": "^2.5.0",
        "asn1js": "^3.0.6",
        "tslib": "^2.8.1"
      }
    },
    "node_modules/@peculiar/asn1-rsa": {
      "version": "2.5.0",
      "resolved": "https://registry.npmjs.org/@peculiar/asn1-rsa/-/asn1-rsa-2.5.0.tgz",
      "integrity": "sha512-qMZ/vweiTHy9syrkkqWFvbT3eLoedvamcUdnnvwyyUNv5FgFXA3KP8td+ATibnlZ0EANW5PYRm8E6MJzEB/72Q==",
      "license": "MIT",
      "dependencies": {
        "@peculiar/asn1-schema": "^2.5.0",
        "@peculiar/asn1-x509": "^2.5.0",
        "asn1js": "^3.0.6",
        "tslib": "^2.8.1"
      }
    },
    "node_modules/@peculiar/asn1-schema": {
      "version": "2.5.0",
      "resolved": "https://registry.npmjs.org/@peculiar/asn1-schema/-/asn1-schema-2.5.0.tgz",
      "integrity": "sha512-YM/nFfskFJSlHqv59ed6dZlLZqtZQwjRVJ4bBAiWV08Oc+1rSd5lDZcBEx0lGDHfSoH3UziI2pXt2UM33KerPQ==",
      "license": "MIT",
      "dependencies": {
        "asn1js": "^3.0.6",
        "pvtsutils": "^1.3.6",
        "tslib": "^2.8.1"
      }
    },
    "node_modules/@peculiar/asn1-x509": {
      "version": "2.5.0",
      "resolved": "https://registry.npmjs.org/@peculiar/asn1-x509/-/asn1-x509-2.5.0.tgz",
      "integrity": "sha512-CpwtMCTJvfvYTFMuiME5IH+8qmDe3yEWzKHe7OOADbGfq7ohxeLaXwQo0q4du3qs0AII3UbLCvb9NF/6q0oTKQ==",
      "license": "MIT",
      "dependencies": {
        "@peculiar/asn1-schema": "^2.5.0",
        "asn1js": "^3.0.6",
        "pvtsutils": "^1.3.6",
        "tslib": "^2.8.1"
      }
    },
    "node_modules/@peculiar/asn1-x509-attr": {
      "version": "2.5.0",
      "resolved": "https://registry.npmjs.org/@peculiar/asn1-x509-attr/-/asn1-x509-attr-2.5.0.tgz",
      "integrity": "sha512-9f0hPOxiJDoG/bfNLAFven+Bd4gwz/VzrCIIWc1025LEI4BXO0U5fOCTNDPbbp2ll+UzqKsZ3g61mpBp74gk9A==",
      "license": "MIT",
      "dependencies": {
        "@peculiar/asn1-schema": "^2.5.0",
        "@peculiar/asn1-x509": "^2.5.0",
        "asn1js": "^3.0.6",
        "tslib": "^2.8.1"
      }
    },
    "node_modules/@peculiar/x509": {
      "version": "1.14.0",
      "resolved": "https://registry.npmjs.org/@peculiar/x509/-/x509-1.14.0.tgz",
      "integrity": "sha512-Yc4PDxN3OrxUPiXgU63c+ZRXKGE8YKF2McTciYhUHFtHVB0KMnjeFSU0qpztGhsp4P0uKix4+J2xEpIEDu8oXg==",
      "license": "MIT",
      "dependencies": {
        "@peculiar/asn1-cms": "^2.5.0",
        "@peculiar/asn1-csr": "^2.5.0",
        "@peculiar/asn1-ecc": "^2.5.0",
        "@peculiar/asn1-pkcs9": "^2.5.0",
        "@peculiar/asn1-rsa": "^2.5.0",
        "@peculiar/asn1-schema": "^2.5.0",
        "@peculiar/asn1-x509": "^2.5.0",
        "pvtsutils": "^1.3.6",
        "reflect-metadata": "^0.2.2",
        "tslib": "^2.8.1",
        "tsyringe": "^4.10.0"
      }
    },
    "node_modules/@simplewebauthn/server": {
      "version": "13.2.2",
      "resolved": "https://registry.npmjs.org/@simplewebauthn/server/-/server-13.2.2.tgz",
      "integrity": "sha512-HcWLW28yTMGXpwE9VLx9J+N2KEUaELadLrkPEEI9tpI5la70xNEVEsu/C+m3u7uoq4FulLqZQhgBCzR9IZhFpA==",
      "license": "MIT",
      "dependencies": {
        "@hexagon/base64": "^1.1.27",
        "@levischuck/tiny-cbor": "^0.2.2",
        "@peculiar/asn1-android": "^2.3.10",
        "@peculiar/asn1-ecc": "^2.3.8",
        "@peculiar/asn1-rsa": "^2.3.8",
        "@peculiar/asn1-schema": "^2.3.8",
        "@peculiar/asn1-x509": "^2.3.8",
        "@peculiar/x509": "^1.13.0"
      },
      "engines": {
        "node": ">=20.0.0"
      }
    },
    "node_modules/api": {
      "version": "1.0.6",
      "resolved": "git+ssh://git@github.com/treeder/api.git#a4baede69ed5c9f2234e5a133afdb5259b50b543",
      "license": "MIT"
    },
    "node_modules/asn1js": {
      "version": "3.0.6",
      "resolved": "https://registry.npmjs.org/asn1js/-/asn1js-3.0.6.tgz",
      "integrity": "sha512-UOCGPYbl0tv8+006qks/dTgV9ajs97X2p0FAbyS2iyCRrmLSRolDaHdp+v/CLgnzHc3fVB+CwYiUmei7ndFcgA==",
      "license": "BSD-3-Clause",
      "dependencies": {
        "pvtsutils": "^1.3.6",
        "pvutils": "^1.1.3",
        "tslib": "^2.8.1"
      },
      "engines": {
        "node": ">=12.0.0"
      }
    },
    "node_modules/console-logger": {
      "version": "0.0.3",
      "resolved": "git+ssh://git@github.com/treeder/console-logger.git#20fab6a9aecd122e6aa2731c047665cf47ac800d",
      "license": "MIT"
    },
    "node_modules/cookie-es": {
      "version": "2.0.0",
      "resolved": "https://registry.npmjs.org/cookie-es/-/cookie-es-2.0.0.tgz",
      "integrity": "sha512-RAj4E421UYRgqokKUmotqAwuplYw15qtdXfY+hGzgCJ/MBjCVZcSoHK/kH9kocfjRjcDME7IiDWR/1WX1TM2Pg==",
      "license": "MIT"
    },
    "node_modules/dotenv": {
      "version": "17.2.2",
      "resolved": "https://registry.npmjs.org/dotenv/-/dotenv-17.2.2.tgz",
      "integrity": "sha512-Sf2LSQP+bOlhKWWyhFsn0UsfdK/kCWRv1iuA2gXAwt3dyNabr6QSj00I2V10pidqz69soatm9ZwZvpQMTIOd5Q==",
      "license": "BSD-2-Clause",
      "engines": {
        "node": ">=12"
      },
      "funding": {
        "url": "https://dotenvx.com"
      }
    },
    "node_modules/flaregun": {
      "version": "3.3.14",
      "resolved": "git+ssh://git@github.com/treeder/flaregun.git#ad1820f7d36eb5176cf5157aed31bf7c6def2a3f",
      "license": "MIT",
      "dependencies": {
        "api": "github:treeder/api",
        "dotenv": "^17.2.2",
        "jsonc-parse": "^1.5.5",
        "models": "github:treeder/models",
        "nanoid": "^5.0.6"
      },
      "bin": {
        "flaregun": "bin/flaregun.js"
      }
    },
    "node_modules/jsonc-parse": {
      "version": "1.5.5",
      "resolved": "https://registry.npmjs.org/jsonc-parse/-/jsonc-parse-1.5.5.tgz",
      "integrity": "sha512-6xSVqUb+VBwXSJoyDPzgK1toG+JoOcfjWrmZNBL5ZmKnokV9dLshqyLU8NkcLavKbT5tKEr+3T0d4/7d+wVdVw==",
      "license": "MIT",
      "dependencies": {
        "@luxass/strip-json-comments": "^1.3.2"
      },
      "engines": {
        "node": ">=18"
      }
    },
    "node_modules/migrations": {
      "version": "1.0.4",
      "resolved": "git+ssh://git@github.com/treeder/migrations.git#2b0a2a53ae92f3b2ba6a072993e50199b55dd1cf"
    },
    "node_modules/models": {
      "version": "1.0.6",
      "resolved": "git+ssh://git@github.com/treeder/models.git#d58654560b5f093c6d171107e2f146a0ed598848",
      "license": "MIT"
    },
    "node_modules/nanoid": {
      "version": "5.1.5",
      "resolved": "https://registry.npmjs.org/nanoid/-/nanoid-5.1.5.tgz",
      "integrity": "sha512-Ir/+ZpE9fDsNH0hQ3C68uyThDXzYcim2EqcZ8zn8Chtt1iylPT9xXJB0kPCnqzgcEGikO9RxSrh63MsmVCU7Fw==",
      "funding": [
        {
          "type": "github",
          "url": "https://github.com/sponsors/ai"
        }
      ],
      "license": "MIT",
      "bin": {
        "nanoid": "bin/nanoid.js"
      },
      "engines": {
        "node": "^18 || >=20"
      }
    },
    "node_modules/once": {
      "version": "1.0.4",
      "resolved": "git+ssh://git@github.com/treeder/once.git#32da137fa00a9f976ec7f06baa9a0c071d10cd65",
      "license": "MIT"
    },
    "node_modules/passkeys": {
      "version": "2.0.1",
      "resolved": "git+ssh://git@github.com/treeder/passkeys.git#5332224dcbf942339b3bee69c54e7370705361c7",
      "license": "MIT",
      "dependencies": {
        "@simplewebauthn/server": "^13.0.1",
        "api": "treeder/api",
        "console-logger": "github:treeder/console-logger",
        "cookie-es": "^2.0.0",
        "flaregun": "github:treeder/flaregun",
        "nanoid": "^5.0.7",
        "rend": "github:treeder/rend"
      }
    },
    "node_modules/prettier": {
      "version": "3.6.2",
      "resolved": "https://registry.npmjs.org/prettier/-/prettier-3.6.2.tgz",
      "integrity": "sha512-I7AIg5boAr5R0FFtJ6rCfD+LFsWHp81dolrFD8S79U9tb8Az2nGrJncnMSnys+bpQJfRUzqs9hnA81OAA3hCuQ==",
      "dev": true,
      "license": "MIT",
      "bin": {
        "prettier": "bin/prettier.cjs"
      },
      "engines": {
        "node": ">=14"
      },
      "funding": {
        "url": "https://github.com/prettier/prettier?sponsor=1"
      }
    },
    "node_modules/pvtsutils": {
      "version": "1.3.6",
      "resolved": "https://registry.npmjs.org/pvtsutils/-/pvtsutils-1.3.6.tgz",
      "integrity": "sha512-PLgQXQ6H2FWCaeRak8vvk1GW462lMxB5s3Jm673N82zI4vqtVUPuZdffdZbPDFRoU8kAhItWFtPCWiPpp4/EDg==",
      "license": "MIT",
      "dependencies": {
        "tslib": "^2.8.1"
      }
    },
    "node_modules/pvutils": {
      "version": "1.1.3",
      "resolved": "https://registry.npmjs.org/pvutils/-/pvutils-1.1.3.tgz",
      "integrity": "sha512-pMpnA0qRdFp32b1sJl1wOJNxZLQ2cbQx+k6tjNtZ8CpvVhNqEPRgivZ2WOUev2YMajecdH7ctUPDvEe87nariQ==",
      "license": "MIT",
      "engines": {
        "node": ">=6.0.0"
      }
    },
    "node_modules/reflect-metadata": {
      "version": "0.2.2",
      "resolved": "https://registry.npmjs.org/reflect-metadata/-/reflect-metadata-0.2.2.tgz",
      "integrity": "sha512-urBwgfrvVP/eAyXx4hluJivBKzuEbSQs9rKWCrCkbSxNv8mxPcUZKeuoF3Uy4mJl3Lwprp6yy5/39VWigZ4K6Q==",
      "license": "Apache-2.0"
    },
    "node_modules/rend": {
      "version": "1.0.5",
      "resolved": "git+ssh://git@github.com/treeder/rend.git#c257241c4d1abcc6f557bc843fbc0fdee3f770b6",
      "license": "Apache 2.0"
    },
    "node_modules/testkit": {
      "version": "2.0.2",
      "resolved": "git+ssh://git@github.com/treeder/testkit.git#81c6d8fe656dacb4b138b129ea8c105f8018295b",
      "dev": true,
      "license": "MIT",
      "dependencies": {
        "api": "github:treeder/api",
        "dotenv": "^17.2.1"
      },
      "bin": {
        "testkit": "bin/testkit.js"
      }
    },
    "node_modules/tslib": {
      "version": "2.8.1",
      "resolved": "https://registry.npmjs.org/tslib/-/tslib-2.8.1.tgz",
      "integrity": "sha512-oJFu94HQb+KVduSUQL7wnpmqnfmLsOA/nAh6b6EH0wCEoK0/mPeXU6c3wKDV83MkOuHPRHtSXKKU99IBazS/2w==",
      "license": "0BSD"
    },
    "node_modules/tsyringe": {
      "version": "4.10.0",
      "resolved": "https://registry.npmjs.org/tsyringe/-/tsyringe-4.10.0.tgz",
      "integrity": "sha512-axr3IdNuVIxnaK5XGEUFTu3YmAQ6lllgrvqfEoR16g/HGnYY/6We4oWENtAnzK6/LpJ2ur9PAb80RBt7/U4ugw==",
      "license": "MIT",
      "dependencies": {
        "tslib": "^1.9.3"
      },
      "engines": {
        "node": ">= 6.0.0"
      }
    },
    "node_modules/tsyringe/node_modules/tslib": {
      "version": "1.14.1",
      "resolved": "https://registry.npmjs.org/tslib/-/tslib-1.14.1.tgz",
      "integrity": "sha512-Xni35NKzjgMrwevysHTCArtLDpPvye8zV/0E4EyYn43P7/7qvQwPh9BGkHewbMulVntbigmcT7rdX3BNo9wRJg==",
      "license": "0BSD"
    }
  }
}
